{
  "name": "tet-npm-package",
  "version": "1.0.0",
  "lockfileVersion": 1,
  "requires": true,
  "dependencies": {
    "alberto-say-hi-from-skylab": {
      "version": "1.0.2",
      "resolved": "https://registry.npmjs.org/alberto-say-hi-from-skylab/-/alberto-say-hi-from-skylab-1.0.2.tgz",
      "integrity": "sha512-oJ9TOBypv5c5Z/YJxA9nNSSR/pX6NP4O45JpLLaJP9z3Vi7cUUj82j4Tk2mMpBf/ME1dFWAwriNFzm4dPbQ/Ng=="
    }
  }
}
