{
  "name": "tet-npm-package",
  "version": "1.0.0",
  "lockfileVersion": 1,
  "requires": true,
  "dependencies": {
    "alberto-say-hi-from-skylab": {
      "version": "1.1.0",
      "resolved": "https://registry.npmjs.org/alberto-say-hi-from-skylab/-/alberto-say-hi-from-skylab-1.1.0.tgz",
      "integrity": "sha512-29Ql53CQUeftz/qZFw/3Msr8XEoSH76GBEEeEKMvNDRMplZ6i3b83i1XjUb74A0FCITAyqUGscUlyp4XSnFzYg=="
    }
  }
}
