{
  "name": "npm-package-test",
  "version": "1.0.0",
  "lockfileVersion": 1,
  "requires": true,
  "dependencies": {
    "neira-jorge-skylab": {
      "version": "2.0.0",
      "resolved": "https://registry.npmjs.org/neira-jorge-skylab/-/neira-jorge-skylab-2.0.0.tgz",
      "integrity": "sha512-MV7QdDrzv+JrkLSQXt45TC1IJwJuyNogF4do16+oirw7Dvsy2BY8RAKTff35Fyr8uUPN0AYJN0fAEWuyli0kSA=="
    }
  }
}
