{
  "name": "test-npm-eric",
  "version": "1.0.0",
  "lockfileVersion": 1,
  "requires": true,
  "dependencies": {
    "eric-martinez-my-first-publish": {
      "version": "1.0.3",
      "resolved": "https://registry.npmjs.org/eric-martinez-my-first-publish/-/eric-martinez-my-first-publish-1.0.3.tgz",
      "integrity": "sha512-Dp94GH0759qOPfODVTAjzhRoZS54vxLwhNlIgGf9d4mOc/qCsS9+i+jMWhCzVSESyMRSNsRaT3Ljyrw+AZwztQ=="
    }
  }
}
