{
  "name": "test-npm-eric",
  "version": "1.0.0",
  "lockfileVersion": 1,
  "requires": true,
  "dependencies": {
    "eric-martinez-my-first-publish": {
      "version": "1.0.6",
      "resolved": "https://registry.npmjs.org/eric-martinez-my-first-publish/-/eric-martinez-my-first-publish-1.0.6.tgz",
      "integrity": "sha512-3JDYoHsqDBEzX/TQ3XceUbMFnBef7ggc1FJr8L0mJ60G5+FhnQr4/BlpBJj5DYX3To/D2XjTJtAfZjJpRv3JQQ=="
    }
  }
}
